
Microsoft Visual Studio Solution File, Format Version 12.00
# Visual Studio Version 17
VisualStudioVersion = 17.0.32014.148
MinimumVisualStudioVersion = 10.0.40219.1
Project("{FAE04EC0-301F-11D3-BF4B-00C04F79EFBC}") = "PSShowFunctions", "PSShowFunctions\PSShowFunctions.csproj", "{FDDE412A-00DB-440A-BA52-B06291013445}"
EndProject
Project("{FAE04EC0-301F-11D3-BF4B-00C04F79EFBC}") = "PSShowFunctions-Core", "PSShowFunctions-Core\PSShowFunctions-Core.csproj", "{7259A524-398B-46A6-91AE-FA11AFE04A0F}"
EndProject
Global
	GlobalSection(SolutionConfigurationPlatforms) = preSolution
		Debug|Any CPU = Debug|Any CPU
		Release|Any CPU = Release|Any CPU
	EndGlobalSection
	GlobalSection(ProjectConfigurationPlatforms) = postSolution
		{FDDE412A-00DB-440A-BA52-B06291013445}.Debug|Any CPU.ActiveCfg = Debug|Any CPU
		{FDDE412A-00DB-440A-BA52-B06291013445}.Debug|Any CPU.Build.0 = Debug|Any CPU
		{FDDE412A-00DB-440A-BA52-B06291013445}.Release|Any CPU.ActiveCfg = Release|Any CPU
		{FDDE412A-00DB-440A-BA52-B06291013445}.Release|Any CPU.Build.0 = Release|Any CPU
		{7259A524-398B-46A6-91AE-FA11AFE04A0F}.Debug|Any CPU.ActiveCfg = Debug|Any CPU
		{7259A524-398B-46A6-91AE-FA11AFE04A0F}.Debug|Any CPU.Build.0 = Debug|Any CPU
		{7259A524-398B-46A6-91AE-FA11AFE04A0F}.Release|Any CPU.ActiveCfg = Release|Any CPU
		{7259A524-398B-46A6-91AE-FA11AFE04A0F}.Release|Any CPU.Build.0 = Release|Any CPU
	EndGlobalSection
	GlobalSection(SolutionProperties) = preSolution
		HideSolutionNode = FALSE
	EndGlobalSection
	GlobalSection(ExtensibilityGlobals) = postSolution
		SolutionGuid = {94FC9BB7-5CBA-41DE-86AE-9209A0B169C2}
	EndGlobalSection
EndGlobal
